
Microsoft Visual Studio Solution File, Format Version 12.00
# Visual Studio Version 17
VisualStudioVersion = 17.1.32228.430
MinimumVisualStudioVersion = 10.0.40219.1
Project("{FAE04EC0-301F-11D3-BF4B-00C04F79EFBC}") = "MSandovalMobile.Android", "MSandovalMobile\MSandovalMobile.Android\MSandovalMobile.Android.csproj", "{A0E1D3C1-2C1F-4FE3-B3AB-E109331F3414}"
EndProject
Project("{FAE04EC0-301F-11D3-BF4B-00C04F79EFBC}") = "MSandovalMobile", "MSandovalMobile\MSandovalMobile\MSandovalMobile.csproj", "{8BC63241-9383-43E3-A7BB-0879C58CC8FB}"
EndProject
Global
	GlobalSection(SolutionConfigurationPlatforms) = preSolution
		Debug|Any CPU = Debug|Any CPU
		Release|Any CPU = Release|Any CPU
	EndGlobalSection
	GlobalSection(ProjectConfigurationPlatforms) = postSolution
		{A0E1D3C1-2C1F-4FE3-B3AB-E109331F3414}.Debug|Any CPU.ActiveCfg = Debug|Any CPU
		{A0E1D3C1-2C1F-4FE3-B3AB-E109331F3414}.Debug|Any CPU.Build.0 = Debug|Any CPU
		{A0E1D3C1-2C1F-4FE3-B3AB-E109331F3414}.Debug|Any CPU.Deploy.0 = Debug|Any CPU
		{A0E1D3C1-2C1F-4FE3-B3AB-E109331F3414}.Release|Any CPU.ActiveCfg = Release|Any CPU
		{A0E1D3C1-2C1F-4FE3-B3AB-E109331F3414}.Release|Any CPU.Build.0 = Release|Any CPU
		{A0E1D3C1-2C1F-4FE3-B3AB-E109331F3414}.Release|Any CPU.Deploy.0 = Release|Any CPU
		{8BC63241-9383-43E3-A7BB-0879C58CC8FB}.Debug|Any CPU.ActiveCfg = Debug|Any CPU
		{8BC63241-9383-43E3-A7BB-0879C58CC8FB}.Debug|Any CPU.Build.0 = Debug|Any CPU
		{8BC63241-9383-43E3-A7BB-0879C58CC8FB}.Debug|Any CPU.Deploy.0 = Debug|Any CPU
		{8BC63241-9383-43E3-A7BB-0879C58CC8FB}.Release|Any CPU.ActiveCfg = Release|Any CPU
		{8BC63241-9383-43E3-A7BB-0879C58CC8FB}.Release|Any CPU.Build.0 = Release|Any CPU
		{8BC63241-9383-43E3-A7BB-0879C58CC8FB}.Release|Any CPU.Deploy.0 = Release|Any CPU
	EndGlobalSection
	GlobalSection(SolutionProperties) = preSolution
		HideSolutionNode = FALSE
	EndGlobalSection
	GlobalSection(ExtensibilityGlobals) = postSolution
		SolutionGuid = {31ADB4FA-A4F9-4E6F-B55A-B025CCF6FB36}
	EndGlobalSection
EndGlobal
